# THIS IS AN AUTOGENERATED FILE. DO NOT EDIT THIS FILE DIRECTLY.
# yarn lockfile v1


"@std/esm@^0.26.0":
  version "0.26.0"
  resolved "https://registry.yarnpkg.com/@std/esm/-/esm-0.26.0.tgz#c3ec3abdee95738e15ea7c695b7fee14ae529b81"
  integrity sha512-g3RDuosSa5fZOzENtrZdx7Gevb3zabfn8qglug2aCJIVz/4woFpKoqm1yD3mG2RD0zJEZRnkkuPHsmNglKGl7g==
